
Microsoft Visual Studio Solution File, Format Version 12.00
# Visual Studio 2012
Project("{FAE04EC0-301F-11D3-BF4B-00C04F79EFBC}") = "GerenciadorHotel", "GerenciadorHotel\GerenciadorHotel.csproj", "{85D40B8A-3730-4E7A-888C-39BAE11F0D90}"
EndProject
Project("{FAE04EC0-301F-11D3-BF4B-00C04F79EFBC}") = "Business", "Business\Business.csproj", "{D1378296-3916-45AA-8957-3CB9CCDABE96}"
EndProject
Global
	GlobalSection(SolutionConfigurationPlatforms) = preSolution
		Debug|Any CPU = Debug|Any CPU
		Release|Any CPU = Release|Any CPU
	EndGlobalSection
	GlobalSection(ProjectConfigurationPlatforms) = postSolution
		{85D40B8A-3730-4E7A-888C-39BAE11F0D90}.Debug|Any CPU.ActiveCfg = Debug|Any CPU
		{85D40B8A-3730-4E7A-888C-39BAE11F0D90}.Debug|Any CPU.Build.0 = Debug|Any CPU
		{85D40B8A-3730-4E7A-888C-39BAE11F0D90}.Release|Any CPU.ActiveCfg = Release|Any CPU
		{85D40B8A-3730-4E7A-888C-39BAE11F0D90}.Release|Any CPU.Build.0 = Release|Any CPU
		{D1378296-3916-45AA-8957-3CB9CCDABE96}.Debug|Any CPU.ActiveCfg = Debug|Any CPU
		{D1378296-3916-45AA-8957-3CB9CCDABE96}.Debug|Any CPU.Build.0 = Debug|Any CPU
		{D1378296-3916-45AA-8957-3CB9CCDABE96}.Release|Any CPU.ActiveCfg = Release|Any CPU
		{D1378296-3916-45AA-8957-3CB9CCDABE96}.Release|Any CPU.Build.0 = Release|Any CPU
	EndGlobalSection
	GlobalSection(SolutionProperties) = preSolution
		HideSolutionNode = FALSE
	EndGlobalSection
EndGlobal
